// !$*UTF8*$!
{
	archiveVersion = 1;
	classes = {
	};
	objectVersion = 55;
	objects = {

/* Begin PBXBuildFile section */
		6A0AB53127F6000300C34B96 /* MovieDetail.swift in Sources */ = {isa = PBXBuildFile; fileRef = 6A0AB53027F6000300C34B96 /* MovieDetail.swift */; };
		6A0AB53327F6016100C34B96 /* Comment.swift in Sources */ = {isa = PBXBuildFile; fileRef = 6A0AB53227F6016100C34B96 /* Comment.swift */; };
		6A0AB53527F6032600C34B96 /* RequestMovieDetail.swift in Sources */ = {isa = PBXBuildFile; fileRef = 6A0AB53427F6032600C34B96 /* RequestMovieDetail.swift */; };
		6A0AB53727F6033700C34B96 /* RequestComments.swift in Sources */ = {isa = PBXBuildFile; fileRef = 6A0AB53627F6033700C34B96 /* RequestComments.swift */; };
		6A0AB53C27F6D55A00C34B96 /* ResizeImage.swift in Sources */ = {isa = PBXBuildFile; fileRef = 6A0AB53B27F6D55A00C34B96 /* ResizeImage.swift */; };
		6A2AEF6727FD75D700AB5962 /* WriteViewController.swift in Sources */ = {isa = PBXBuildFile; fileRef = 6A2AEF6527FD75D700AB5962 /* WriteViewController.swift */; };
		6A2AEF6827FD75D700AB5962 /* WriteViewController.xib in Resources */ = {isa = PBXBuildFile; fileRef = 6A2AEF6627FD75D700AB5962 /* WriteViewController.xib */; };
		6A77DD1727F6F15F006C7B2E /* StarRatingView.swift in Sources */ = {isa = PBXBuildFile; fileRef = 6A77DD1627F6F15F006C7B2E /* StarRatingView.swift */; };
		6A77DD1A27F6F180006C7B2E /* StarRatingView.xib in Resources */ = {isa = PBXBuildFile; fileRef = 6A77DD1927F6F180006C7B2E /* StarRatingView.xib */; };
		6ACE02A527EC359D00113E72 /* AppDelegate.swift in Sources */ = {isa = PBXBuildFile; fileRef = 6ACE02A427EC359D00113E72 /* AppDelegate.swift */; };
		6ACE02A727EC359D00113E72 /* SceneDelegate.swift in Sources */ = {isa = PBXBuildFile; fileRef = 6ACE02A627EC359D00113E72 /* SceneDelegate.swift */; };
		6ACE02AC27EC359D00113E72 /* Main.storyboard in Resources */ = {isa = PBXBuildFile; fileRef = 6ACE02AA27EC359D00113E72 /* Main.storyboard */; };
		6ACE02AE27EC35A300113E72 /* Assets.xcassets in Resources */ = {isa = PBXBuildFile; fileRef = 6ACE02AD27EC35A300113E72 /* Assets.xcassets */; };
		6ACE02B127EC35A300113E72 /* LaunchScreen.storyboard in Resources */ = {isa = PBXBuildFile; fileRef = 6ACE02AF27EC35A300113E72 /* LaunchScreen.storyboard */; };
		6ACE02B927EC41F700113E72 /* SecondTabViewController.swift in Sources */ = {isa = PBXBuildFile; fileRef = 6ACE02B827EC41F700113E72 /* SecondTabViewController.swift */; };
		6ACE02BB27EC420400113E72 /* FirstTabViewController.swift in Sources */ = {isa = PBXBuildFile; fileRef = 6ACE02BA27EC420400113E72 /* FirstTabViewController.swift */; };
		6ACE02BD27EC423800113E72 /* DetailViewController.swift in Sources */ = {isa = PBXBuildFile; fileRef = 6ACE02BC27EC423800113E72 /* DetailViewController.swift */; };
		6ACE02C127EC428600113E72 /* FirstTabTableViewCell.swift in Sources */ = {isa = PBXBuildFile; fileRef = 6ACE02C027EC428600113E72 /* FirstTabTableViewCell.swift */; };
		6ACE02C327EC42B800113E72 /* SecondTabCollectionViewCell.swift in Sources */ = {isa = PBXBuildFile; fileRef = 6ACE02C227EC42B800113E72 /* SecondTabCollectionViewCell.swift */; };
		6ACE02C527EC435700113E72 /* RequestMovies.swift in Sources */ = {isa = PBXBuildFile; fileRef = 6ACE02C427EC435700113E72 /* RequestMovies.swift */; };
		6ACE02C727EC436600113E72 /* Movie.swift in Sources */ = {isa = PBXBuildFile; fileRef = 6ACE02C627EC436600113E72 /* Movie.swift */; };
		6ACE02C927EC573300113E72 /* GenerateEmptyImage.swift in Sources */ = {isa = PBXBuildFile; fileRef = 6ACE02C827EC573300113E72 /* GenerateEmptyImage.swift */; };
		6ACE02CD27F1DAE500113E72 /* SettingInfo.swift in Sources */ = {isa = PBXBuildFile; fileRef = 6ACE02CC27F1DAE500113E72 /* SettingInfo.swift */; };
		6ACE02DC27F5975A00113E72 /* DetailTableViewCell.swift in Sources */ = {isa = PBXBuildFile; fileRef = 6ACE02DB27F5975A00113E72 /* DetailTableViewCell.swift */; };
		6ACE02DE27F5976900113E72 /* CommentTableViewCell.swift in Sources */ = {isa = PBXBuildFile; fileRef = 6ACE02DD27F5976900113E72 /* CommentTableViewCell.swift */; };
/* End PBXBuildFile section */

/* Begin PBXFileReference section */
		6A0AB53027F6000300C34B96 /* MovieDetail.swift */ = {isa = PBXFileReference; lastKnownFileType = sourcecode.swift; path = MovieDetail.swift; sourceTree = "<group>"; };
		6A0AB53227F6016100C34B96 /* Comment.swift */ = {isa = PBXFileReference; lastKnownFileType = sourcecode.swift; path = Comment.swift; sourceTree = "<group>"; };
		6A0AB53427F6032600C34B96 /* RequestMovieDetail.swift */ = {isa = PBXFileReference; lastKnownFileType = sourcecode.swift; path = RequestMovieDetail.swift; sourceTree = "<group>"; };
		6A0AB53627F6033700C34B96 /* RequestComments.swift */ = {isa = PBXFileReference; lastKnownFileType = sourcecode.swift; path = RequestComments.swift; sourceTree = "<group>"; };
		6A0AB53B27F6D55A00C34B96 /* ResizeImage.swift */ = {isa = PBXFileReference; lastKnownFileType = sourcecode.swift; path = ResizeImage.swift; sourceTree = "<group>"; };
		6A2AEF6527FD75D700AB5962 /* WriteViewController.swift */ = {isa = PBXFileReference; lastKnownFileType = sourcecode.swift; path = WriteViewController.swift; sourceTree = "<group>"; };
		6A2AEF6627FD75D700AB5962 /* WriteViewController.xib */ = {isa = PBXFileReference; lastKnownFileType = file.xib; path = WriteViewController.xib; sourceTree = "<group>"; };
		6A77DD1627F6F15F006C7B2E /* StarRatingView.swift */ = {isa = PBXFileReference; lastKnownFileType = sourcecode.swift; path = StarRatingView.swift; sourceTree = "<group>"; };
		6A77DD1927F6F180006C7B2E /* StarRatingView.xib */ = {isa = PBXFileReference; lastKnownFileType = file.xib; path = StarRatingView.xib; sourceTree = "<group>"; };
		6ACE02A127EC359D00113E72 /* BoxOffice.app */ = {isa = PBXFileReference; explicitFileType = wrapper.application; includeInIndex = 0; path = BoxOffice.app; sourceTree = BUILT_PRODUCTS_DIR; };
		6ACE02A427EC359D00113E72 /* AppDelegate.swift */ = {isa = PBXFileReference; lastKnownFileType = sourcecode.swift; path = AppDelegate.swift; sourceTree = "<group>"; };
		6ACE02A627EC359D00113E72 /* SceneDelegate.swift */ = {isa = PBXFileReference; lastKnownFileType = sourcecode.swift; path = SceneDelegate.swift; sourceTree = "<group>"; };
		6ACE02AB27EC359D00113E72 /* Base */ = {isa = PBXFileReference; lastKnownFileType = file.storyboard; name = Base; path = Base.lproj/Main.storyboard; sourceTree = "<group>"; };
		6ACE02AD27EC35A300113E72 /* Assets.xcassets */ = {isa = PBXFileReference; lastKnownFileType = folder.assetcatalog; path = Assets.xcassets; sourceTree = "<group>"; };
		6ACE02B027EC35A300113E72 /* Base */ = {isa = PBXFileReference; lastKnownFileType = file.storyboard; name = Base; path = Base.lproj/LaunchScreen.storyboard; sourceTree = "<group>"; };
		6ACE02B227EC35A300113E72 /* Info.plist */ = {isa = PBXFileReference; lastKnownFileType = text.plist.xml; path = Info.plist; sourceTree = "<group>"; };
		6ACE02B827EC41F700113E72 /* SecondTabViewController.swift */ = {isa = PBXFileReference; lastKnownFileType = sourcecode.swift; path = SecondTabViewController.swift; sourceTree = "<group>"; };
		6ACE02BA27EC420400113E72 /* FirstTabViewController.swift */ = {isa = PBXFileReference; lastKnownFileType = sourcecode.swift; path = FirstTabViewController.swift; sourceTree = "<group>"; };
		6ACE02BC27EC423800113E72 /* DetailViewController.swift */ = {isa = PBXFileReference; lastKnownFileType = sourcecode.swift; path = DetailViewController.swift; sourceTree = "<group>"; };
		6ACE02C027EC428600113E72 /* FirstTabTableViewCell.swift */ = {isa = PBXFileReference; lastKnownFileType = sourcecode.swift; path = FirstTabTableViewCell.swift; sourceTree = "<group>"; };
		6ACE02C227EC42B800113E72 /* SecondTabCollectionViewCell.swift */ = {isa = PBXFileReference; lastKnownFileType = sourcecode.swift; path = SecondTabCollectionViewCell.swift; sourceTree = "<group>"; };
		6ACE02C427EC435700113E72 /* RequestMovies.swift */ = {isa = PBXFileReference; lastKnownFileType = sourcecode.swift; path = RequestMovies.swift; sourceTree = "<group>"; };
		6ACE02C627EC436600113E72 /* Movie.swift */ = {isa = PBXFileReference; lastKnownFileType = sourcecode.swift; path = Movie.swift; sourceTree = "<group>"; };
		6ACE02C827EC573300113E72 /* GenerateEmptyImage.swift */ = {isa = PBXFileReference; lastKnownFileType = sourcecode.swift; path = GenerateEmptyImage.swift; sourceTree = "<group>"; };
		6ACE02CC27F1DAE500113E72 /* SettingInfo.swift */ = {isa = PBXFileReference; lastKnownFileType = sourcecode.swift; path = SettingInfo.swift; sourceTree = "<group>"; };
		6ACE02DB27F5975A00113E72 /* DetailTableViewCell.swift */ = {isa = PBXFileReference; lastKnownFileType = sourcecode.swift; path = DetailTableViewCell.swift; sourceTree = "<group>"; };
		6ACE02DD27F5976900113E72 /* CommentTableViewCell.swift */ = {isa = PBXFileReference; lastKnownFileType = sourcecode.swift; path = CommentTableViewCell.swift; sourceTree = "<group>"; };
/* End PBXFileReference section */

/* Begin PBXFrameworksBuildPhase section */
		6ACE029E27EC359D00113E72 /* Frameworks */ = {
			isa = PBXFrameworksBuildPhase;
			buildActionMask = 2147483647;
			files = (
			);
			runOnlyForDeploymentPostprocessing = 0;
		};
/* End PBXFrameworksBuildPhase section */

/* Begin PBXGroup section */
		6A0AB53827F6034400C34B96 /* API */ = {
			isa = PBXGroup;
			children = (
				6ACE02C427EC435700113E72 /* RequestMovies.swift */,
				6A0AB53427F6032600C34B96 /* RequestMovieDetail.swift */,
				6A0AB53627F6033700C34B96 /* RequestComments.swift */,
			);
			path = API;
			sourceTree = "<group>";
		};
		6A0AB53927F6044D00C34B96 /* WriteView */ = {
			isa = PBXGroup;
			children = (
				6A2AEF6527FD75D700AB5962 /* WriteViewController.swift */,
				6A2AEF6627FD75D700AB5962 /* WriteViewController.xib */,
			);
			path = WriteView;
			sourceTree = "<group>";
		};
		6A0AB53A27F604F300C34B96 /* ETC */ = {
			isa = PBXGroup;
			children = (
				6ACE02C827EC573300113E72 /* GenerateEmptyImage.swift */,
				6A0AB53B27F6D55A00C34B96 /* ResizeImage.swift */,
			);
			path = ETC;
			sourceTree = "<group>";
		};
		6A77DD1827F6F166006C7B2E /* StarRatingView */ = {
			isa = PBXGroup;
			children = (
				6A77DD1627F6F15F006C7B2E /* StarRatingView.swift */,
				6A77DD1927F6F180006C7B2E /* StarRatingView.xib */,
			);
			path = StarRatingView;
			sourceTree = "<group>";
		};
		6ACE029827EC359D00113E72 = {
			isa = PBXGroup;
			children = (
				6ACE02A327EC359D00113E72 /* BoxOffice */,
				6ACE02A227EC359D00113E72 /* Products */,
			);
			sourceTree = "<group>";
		};
		6ACE02A227EC359D00113E72 /* Products */ = {
			isa = PBXGroup;
			children = (
				6ACE02A127EC359D00113E72 /* BoxOffice.app */,
			);
			name = Products;
			sourceTree = "<group>";
		};
		6ACE02A327EC359D00113E72 /* BoxOffice */ = {
			isa = PBXGroup;
			children = (
				6ACE02AA27EC359D00113E72 /* Main.storyboard */,
				6ACE02AF27EC35A300113E72 /* LaunchScreen.storyboard */,
				6ACE02B227EC35A300113E72 /* Info.plist */,
				6ACE02AD27EC35A300113E72 /* Assets.xcassets */,
				6ACE02A427EC359D00113E72 /* AppDelegate.swift */,
				6ACE02A627EC359D00113E72 /* SceneDelegate.swift */,
				6ACE02D527F57E1A00113E72 /* MovieListView */,
				6ACE02DA27F57F1C00113E72 /* MovieDetailView */,
				6A77DD1827F6F166006C7B2E /* StarRatingView */,
				6A0AB53927F6044D00C34B96 /* WriteView */,
				6ACE02D727F57E8B00113E72 /* Singleton */,
				6ACE02D627F57E7200113E72 /* Model */,
				6A0AB53827F6034400C34B96 /* API */,
				6A0AB53A27F604F300C34B96 /* ETC */,
			);
			path = BoxOffice;
			sourceTree = "<group>";
		};
		6ACE02D527F57E1A00113E72 /* MovieListView */ = {
			isa = PBXGroup;
			children = (
				6ACE02BA27EC420400113E72 /* FirstTabViewController.swift */,
				6ACE02C027EC428600113E72 /* FirstTabTableViewCell.swift */,
				6ACE02B827EC41F700113E72 /* SecondTabViewController.swift */,
				6ACE02C227EC42B800113E72 /* SecondTabCollectionViewCell.swift */,
			);
			path = MovieListView;
			sourceTree = "<group>";
		};
		6ACE02D627F57E7200113E72 /* Model */ = {
			isa = PBXGroup;
			children = (
				6ACE02C627EC436600113E72 /* Movie.swift */,
				6A0AB53027F6000300C34B96 /* MovieDetail.swift */,
				6A0AB53227F6016100C34B96 /* Comment.swift */,
			);
			path = Model;
			sourceTree = "<group>";
		};
		6ACE02D727F57E8B00113E72 /* Singleton */ = {
			isa = PBXGroup;
			children = (
				6ACE02CC27F1DAE500113E72 /* SettingInfo.swift */,
			);
			path = Singleton;
			sourceTree = "<group>";
		};
		6ACE02DA27F57F1C00113E72 /* MovieDetailView */ = {
			isa = PBXGroup;
			children = (
				6ACE02BC27EC423800113E72 /* DetailViewController.swift */,
				6ACE02DB27F5975A00113E72 /* DetailTableViewCell.swift */,
				6ACE02DD27F5976900113E72 /* CommentTableViewCell.swift */,
			);
			path = MovieDetailView;
			sourceTree = "<group>";
		};
/* End PBXGroup section */

/* Begin PBXNativeTarget section */
		6ACE02A027EC359D00113E72 /* BoxOffice */ = {
			isa = PBXNativeTarget;
			buildConfigurationList = 6ACE02B527EC35A300113E72 /* Build configuration list for PBXNativeTarget "BoxOffice" */;
			buildPhases = (
				6ACE029D27EC359D00113E72 /* Sources */,
				6ACE029E27EC359D00113E72 /* Frameworks */,
				6ACE029F27EC359D00113E72 /* Resources */,
			);
			buildRules = (
			);
			dependencies = (
			);
			name = BoxOffice;
			productName = BoxOffice;
			productReference = 6ACE02A127EC359D00113E72 /* BoxOffice.app */;
			productType = "com.apple.product-type.application";
		};
/* End PBXNativeTarget section */

/* Begin PBXProject section */
		6ACE029927EC359D00113E72 /* Project object */ = {
			isa = PBXProject;
			attributes = {
				BuildIndependentTargetsInParallel = 1;
				LastSwiftUpdateCheck = 1330;
				LastUpgradeCheck = 1330;
				TargetAttributes = {
					6ACE02A027EC359D00113E72 = {
						CreatedOnToolsVersion = 13.3;
					};
				};
			};
			buildConfigurationList = 6ACE029C27EC359D00113E72 /* Build configuration list for PBXProject "BoxOffice" */;
			compatibilityVersion = "Xcode 13.0";
			developmentRegion = en;
			hasScannedForEncodings = 0;
			knownRegions = (
				en,
				Base,
			);
			mainGroup = 6ACE029827EC359D00113E72;
			productRefGroup = 6ACE02A227EC359D00113E72 /* Products */;
			projectDirPath = "";
			projectRoot = "";
			targets = (
				6ACE02A027EC359D00113E72 /* BoxOffice */,
			);
		};
/* End PBXProject section */

/* Begin PBXResourcesBuildPhase section */
		6ACE029F27EC359D00113E72 /* Resources */ = {
			isa = PBXResourcesBuildPhase;
			buildActionMask = 2147483647;
			files = (
				6ACE02B127EC35A300113E72 /* LaunchScreen.storyboard in Resources */,
				6A77DD1A27F6F180006C7B2E /* StarRatingView.xib in Resources */,
				6ACE02AE27EC35A300113E72 /* Assets.xcassets in Resources */,
				6ACE02AC27EC359D00113E72 /* Main.storyboard in Resources */,
				6A2AEF6827FD75D700AB5962 /* WriteViewController.xib in Resources */,
			);
			runOnlyForDeploymentPostprocessing = 0;
		};
/* End PBXResourcesBuildPhase section */

/* Begin PBXSourcesBuildPhase section */
		6ACE029D27EC359D00113E72 /* Sources */ = {
			isa = PBXSourcesBuildPhase;
			buildActionMask = 2147483647;
			files = (
				6A0AB53C27F6D55A00C34B96 /* ResizeImage.swift in Sources */,
				6ACE02C127EC428600113E72 /* FirstTabTableViewCell.swift in Sources */,
				6ACE02C527EC435700113E72 /* RequestMovies.swift in Sources */,
				6ACE02CD27F1DAE500113E72 /* SettingInfo.swift in Sources */,
				6ACE02DC27F5975A00113E72 /* DetailTableViewCell.swift in Sources */,
				6ACE02C327EC42B800113E72 /* SecondTabCollectionViewCell.swift in Sources */,
				6ACE02C727EC436600113E72 /* Movie.swift in Sources */,
				6ACE02BB27EC420400113E72 /* FirstTabViewController.swift in Sources */,
				6A0AB53527F6032600C34B96 /* RequestMovieDetail.swift in Sources */,
				6ACE02A527EC359D00113E72 /* AppDelegate.swift in Sources */,
				6ACE02BD27EC423800113E72 /* DetailViewController.swift in Sources */,
				6ACE02B927EC41F700113E72 /* SecondTabViewController.swift in Sources */,
				6A77DD1727F6F15F006C7B2E /* StarRatingView.swift in Sources */,
				6A0AB53327F6016100C34B96 /* Comment.swift in Sources */,
				6ACE02DE27F5976900113E72 /* CommentTableViewCell.swift in Sources */,
				6A0AB53127F6000300C34B96 /* MovieDetail.swift in Sources */,
				6A0AB53727F6033700C34B96 /* RequestComments.swift in Sources */,
				6ACE02C927EC573300113E72 /* GenerateEmptyImage.swift in Sources */,
				6A2AEF6727FD75D700AB5962 /* WriteViewController.swift in Sources */,
				6ACE02A727EC359D00113E72 /* SceneDelegate.swift in Sources */,
			);
			runOnlyForDeploymentPostprocessing = 0;
		};
/* End PBXSourcesBuildPhase section */

/* Begin PBXVariantGroup section */
		6ACE02AA27EC359D00113E72 /* Main.storyboard */ = {
			isa = PBXVariantGroup;
			children = (
				6ACE02AB27EC359D00113E72 /* Base */,
			);
			name = Main.storyboard;
			sourceTree = "<group>";
		};
		6ACE02AF27EC35A300113E72 /* LaunchScreen.storyboard */ = {
			isa = PBXVariantGroup;
			children = (
				6ACE02B027EC35A300113E72 /* Base */,
			);
			name = LaunchScreen.storyboard;
			sourceTree = "<group>";
		};
/* End PBXVariantGroup section */

/* Begin XCBuildConfiguration section */
		6ACE02B327EC35A300113E72 /* Debug */ = {
			isa = XCBuildConfiguration;
			buildSettings = {
				ALWAYS_SEARCH_USER_PATHS = NO;
				CLANG_ANALYZER_NONNULL = YES;
				CLANG_ANALYZER_NUMBER_OBJECT_CONVERSION = YES_AGGRESSIVE;
				CLANG_CXX_LANGUAGE_STANDARD = "gnu++17";
				CLANG_ENABLE_MODULES = YES;
				CLANG_ENABLE_OBJC_ARC = YES;
				CLANG_ENABLE_OBJC_WEAK = YES;
				CLANG_WARN_BLOCK_CAPTURE_AUTORELEASING = YES;
				CLANG_WARN_BOOL_CONVERSION = YES;
				CLANG_WARN_COMMA = YES;
				CLANG_WARN_CONSTANT_CONVERSION = YES;
				CLANG_WARN_DEPRECATED_OBJC_IMPLEMENTATIONS = YES;
				CLANG_WARN_DIRECT_OBJC_ISA_USAGE = YES_ERROR;
				CLANG_WARN_DOCUMENTATION_COMMENTS = YES;
				CLANG_WARN_EMPTY_BODY = YES;
				CLANG_WARN_ENUM_CONVERSION = YES;
				CLANG_WARN_INFINITE_RECURSION = YES;
				CLANG_WARN_INT_CONVERSION = YES;
				CLANG_WARN_NON_LITERAL_NULL_CONVERSION = YES;
				CLANG_WARN_OBJC_IMPLICIT_RETAIN_SELF = YES;
				CLANG_WARN_OBJC_LITERAL_CONVERSION = YES;
				CLANG_WARN_OBJC_ROOT_CLASS = YES_ERROR;
				CLANG_WARN_QUOTED_INCLUDE_IN_FRAMEWORK_HEADER = YES;
				CLANG_WARN_RANGE_LOOP_ANALYSIS = YES;
				CLANG_WARN_STRICT_PROTOTYPES = YES;
				CLANG_WARN_SUSPICIOUS_MOVE = YES;
				CLANG_WARN_UNGUARDED_AVAILABILITY = YES_AGGRESSIVE;
				CLANG_WARN_UNREACHABLE_CODE = YES;
				CLANG_WARN__DUPLICATE_METHOD_MATCH = YES;
				COPY_PHASE_STRIP = NO;
				DEBUG_INFORMATION_FORMAT = dwarf;
				ENABLE_STRICT_OBJC_MSGSEND = YES;
				ENABLE_TESTABILITY = YES;
				GCC_C_LANGUAGE_STANDARD = gnu11;
				GCC_DYNAMIC_NO_PIC = NO;
				GCC_NO_COMMON_BLOCKS = YES;
				GCC_OPTIMIZATION_LEVEL = 0;
				GCC_PREPROCESSOR_DEFINITIONS = (
					"DEBUG=1",
					"$(inherited)",
				);
				GCC_WARN_64_TO_32_BIT_CONVERSION = YES;
				GCC_WARN_ABOUT_RETURN_TYPE = YES_ERROR;
				GCC_WARN_UNDECLARED_SELECTOR = YES;
				GCC_WARN_UNINITIALIZED_AUTOS = YES_AGGRESSIVE;
				GCC_WARN_UNUSED_FUNCTION = YES;
				GCC_WARN_UNUSED_VARIABLE = YES;
				IPHONEOS_DEPLOYMENT_TARGET = 15.4;
				MTL_ENABLE_DEBUG_INFO = INCLUDE_SOURCE;
				MTL_FAST_MATH = YES;
				ONLY_ACTIVE_ARCH = YES;
				SDKROOT = iphoneos;
				SWIFT_ACTIVE_COMPILATION_CONDITIONS = DEBUG;
				SWIFT_OPTIMIZATION_LEVEL = "-Onone";
			};
			name = Debug;
		};
		6ACE02B427EC35A300113E72 /* Release */ = {
			isa = XCBuildConfiguration;
			buildSettings = {
				ALWAYS_SEARCH_USER_PATHS = NO;
				CLANG_ANALYZER_NONNULL = YES;
				CLANG_ANALYZER_NUMBER_OBJECT_CONVERSION = YES_AGGRESSIVE;
				CLANG_CXX_LANGUAGE_STANDARD = "gnu++17";
				CLANG_ENABLE_MODULES = YES;
				CLANG_ENABLE_OBJC_ARC = YES;
				CLANG_ENABLE_OBJC_WEAK = YES;
				CLANG_WARN_BLOCK_CAPTURE_AUTORELEASING = YES;
				CLANG_WARN_BOOL_CONVERSION = YES;
				CLANG_WARN_COMMA = YES;
				CLANG_WARN_CONSTANT_CONVERSION = YES;
				CLANG_WARN_DEPRECATED_OBJC_IMPLEMENTATIONS = YES;
				CLANG_WARN_DIRECT_OBJC_ISA_USAGE = YES_ERROR;
				CLANG_WARN_DOCUMENTATION_COMMENTS = YES;
				CLANG_WARN_EMPTY_BODY = YES;
				CLANG_WARN_ENUM_CONVERSION = YES;
				CLANG_WARN_INFINITE_RECURSION = YES;
				CLANG_WARN_INT_CONVERSION = YES;
				CLANG_WARN_NON_LITERAL_NULL_CONVERSION = YES;
				CLANG_WARN_OBJC_IMPLICIT_RETAIN_SELF = YES;
				CLANG_WARN_OBJC_LITERAL_CONVERSION = YES;
				CLANG_WARN_OBJC_ROOT_CLASS = YES_ERROR;
				CLANG_WARN_QUOTED_INCLUDE_IN_FRAMEWORK_HEADER = YES;
				CLANG_WARN_RANGE_LOOP_ANALYSIS = YES;
				CLANG_WARN_STRICT_PROTOTYPES = YES;
				CLANG_WARN_SUSPICIOUS_MOVE = YES;
				CLANG_WARN_UNGUARDED_AVAILABILITY = YES_AGGRESSIVE;
				CLANG_WARN_UNREACHABLE_CODE = YES;
				CLANG_WARN__DUPLICATE_METHOD_MATCH = YES;
				COPY_PHASE_STRIP = NO;
				DEBUG_INFORMATION_FORMAT = "dwarf-with-dsym";
				ENABLE_NS_ASSERTIONS = NO;
				ENABLE_STRICT_OBJC_MSGSEND = YES;
				GCC_C_LANGUAGE_STANDARD = gnu11;
				GCC_NO_COMMON_BLOCKS = YES;
				GCC_WARN_64_TO_32_BIT_CONVERSION = YES;
				GCC_WARN_ABOUT_RETURN_TYPE = YES_ERROR;
				GCC_WARN_UNDECLARED_SELECTOR = YES;
				GCC_WARN_UNINITIALIZED_AUTOS = YES_AGGRESSIVE;
				GCC_WARN_UNUSED_FUNCTION = YES;
				GCC_WARN_UNUSED_VARIABLE = YES;
				IPHONEOS_DEPLOYMENT_TARGET = 15.4;
				MTL_ENABLE_DEBUG_INFO = NO;
				MTL_FAST_MATH = YES;
				SDKROOT = iphoneos;
				SWIFT_COMPILATION_MODE = wholemodule;
				SWIFT_OPTIMIZATION_LEVEL = "-O";
				VALIDATE_PRODUCT = YES;
			};
			name = Release;
		};
		6ACE02B627EC35A300113E72 /* Debug */ = {
			isa = XCBuildConfiguration;
			buildSettings = {
				ASSETCATALOG_COMPILER_APPICON_NAME = AppIcon;
				ASSETCATALOG_COMPILER_GLOBAL_ACCENT_COLOR_NAME = AccentColor;
				CODE_SIGN_STYLE = Automatic;
				CURRENT_PROJECT_VERSION = 1;
				DEVELOPMENT_TEAM = WRMZ68J9BN;
				GENERATE_INFOPLIST_FILE = YES;
				INFOPLIST_FILE = BoxOffice/Info.plist;
				INFOPLIST_KEY_UIApplicationSupportsIndirectInputEvents = YES;
				INFOPLIST_KEY_UILaunchStoryboardName = LaunchScreen;
				INFOPLIST_KEY_UIMainStoryboardFile = Main;
				INFOPLIST_KEY_UISupportedInterfaceOrientations_iPad = "UIInterfaceOrientationPortrait UIInterfaceOrientationPortraitUpsideDown UIInterfaceOrientationLandscapeLeft UIInterfaceOrientationLandscapeRight";
				INFOPLIST_KEY_UISupportedInterfaceOrientations_iPhone = "UIInterfaceOrientationPortrait UIInterfaceOrientationLandscapeLeft UIInterfaceOrientationLandscapeRight";
				LD_RUNPATH_SEARCH_PATHS = (
					"$(inherited)",
					"@executable_path/Frameworks",
				);
				MARKETING_VERSION = 1.0;
				PRODUCT_BUNDLE_IDENTIFIER = wgyang.BoxOffice;
				PRODUCT_NAME = "$(TARGET_NAME)";
				SWIFT_EMIT_LOC_STRINGS = YES;
				SWIFT_VERSION = 5.0;
				TARGETED_DEVICE_FAMILY = "1,2";
			};
			name = Debug;
		};
		6ACE02B727EC35A300113E72 /* Release */ = {
			isa = XCBuildConfiguration;
			buildSettings = {
				ASSETCATALOG_COMPILER_APPICON_NAME = AppIcon;
				ASSETCATALOG_COMPILER_GLOBAL_ACCENT_COLOR_NAME = AccentColor;
				CODE_SIGN_STYLE = Automatic;
				CURRENT_PROJECT_VERSION = 1;
				DEVELOPMENT_TEAM = WRMZ68J9BN;
				GENERATE_INFOPLIST_FILE = YES;
				INFOPLIST_FILE = BoxOffice/Info.plist;
				INFOPLIST_KEY_UIApplicationSupportsIndirectInputEvents = YES;
				INFOPLIST_KEY_UILaunchStoryboardName = LaunchScreen;
				INFOPLIST_KEY_UIMainStoryboardFile = Main;
				INFOPLIST_KEY_UISupportedInterfaceOrientations_iPad = "UIInterfaceOrientationPortrait UIInterfaceOrientationPortraitUpsideDown UIInterfaceOrientationLandscapeLeft UIInterfaceOrientationLandscapeRight";
				INFOPLIST_KEY_UISupportedInterfaceOrientations_iPhone = "UIInterfaceOrientationPortrait UIInterfaceOrientationLandscapeLeft UIInterfaceOrientationLandscapeRight";
				LD_RUNPATH_SEARCH_PATHS = (
					"$(inherited)",
					"@executable_path/Frameworks",
				);
				MARKETING_VERSION = 1.0;
				PRODUCT_BUNDLE_IDENTIFIER = wgyang.BoxOffice;
				PRODUCT_NAME = "$(TARGET_NAME)";
				SWIFT_EMIT_LOC_STRINGS = YES;
				SWIFT_VERSION = 5.0;
				TARGETED_DEVICE_FAMILY = "1,2";
			};
			name = Release;
		};
/* End XCBuildConfiguration section */

/* Begin XCConfigurationList section */
		6ACE029C27EC359D00113E72 /* Build configuration list for PBXProject "BoxOffice" */ = {
			isa = XCConfigurationList;
			buildConfigurations = (
				6ACE02B327EC35A300113E72 /* Debug */,
				6ACE02B427EC35A300113E72 /* Release */,
			);
			defaultConfigurationIsVisible = 0;
			defaultConfigurationName = Release;
		};
		6ACE02B527EC35A300113E72 /* Build configuration list for PBXNativeTarget "BoxOffice" */ = {
			isa = XCConfigurationList;
			buildConfigurations = (
				6ACE02B627EC35A300113E72 /* Debug */,
				6ACE02B727EC35A300113E72 /* Release */,
			);
			defaultConfigurationIsVisible = 0;
			defaultConfigurationName = Release;
		};
/* End XCConfigurationList section */
	};
	rootObject = 6ACE029927EC359D00113E72 /* Project object */;
}
